// !$*UTF8*$!
{
	archiveVersion = 1;
	classes = {
	};
	objectVersion = 50;
	objects = {

/* Begin PBXBuildFile section */
		61F1A40E259AC53800DC216A /* AppDelegate.swift in Sources */ = {isa = PBXBuildFile; fileRef = 61F1A40D259AC53800DC216A /* AppDelegate.swift */; };
		61F1A410259AC53800DC216A /* SceneDelegate.swift in Sources */ = {isa = PBXBuildFile; fileRef = 61F1A40F259AC53800DC216A /* SceneDelegate.swift */; };
		61F1A412259AC53800DC216A /* ViewController.swift in Sources */ = {isa = PBXBuildFile; fileRef = 61F1A411259AC53800DC216A /* ViewController.swift */; };
		61F1A415259AC53800DC216A /* Main.storyboard in Resources */ = {isa = PBXBuildFile; fileRef = 61F1A413259AC53800DC216A /* Main.storyboard */; };
		61F1A417259AC53A00DC216A /* Assets.xcassets in Resources */ = {isa = PBXBuildFile; fileRef = 61F1A416259AC53A00DC216A /* Assets.xcassets */; };
		61F1A41A259AC53A00DC216A /* LaunchScreen.storyboard in Resources */ = {isa = PBXBuildFile; fileRef = 61F1A418259AC53A00DC216A /* LaunchScreen.storyboard */; };
		61F1A425259AC53B00DC216A /* CalculatorTests.swift in Sources */ = {isa = PBXBuildFile; fileRef = 61F1A424259AC53B00DC216A /* CalculatorTests.swift */; };
		61F1A430259AC53B00DC216A /* CalculatorUITests.swift in Sources */ = {isa = PBXBuildFile; fileRef = 61F1A42F259AC53B00DC216A /* CalculatorUITests.swift */; };
/* End PBXBuildFile section */

/* Begin PBXContainerItemProxy section */
		61F1A421259AC53B00DC216A /* PBXContainerItemProxy */ = {
			isa = PBXContainerItemProxy;
			containerPortal = 61F1A402259AC53700DC216A /* Project object */;
			proxyType = 1;
			remoteGlobalIDString = 61F1A409259AC53800DC216A;
			remoteInfo = Calculator;
		};
		61F1A42C259AC53B00DC216A /* PBXContainerItemProxy */ = {
			isa = PBXContainerItemProxy;
			containerPortal = 61F1A402259AC53700DC216A /* Project object */;
			proxyType = 1;
			remoteGlobalIDString = 61F1A409259AC53800DC216A;
			remoteInfo = Calculator;
		};
/* End PBXContainerItemProxy section */

/* Begin PBXFileReference section */
		61F1A40A259AC53800DC216A /* Calculator.app */ = {isa = PBXFileReference; explicitFileType = wrapper.application; includeInIndex = 0; path = Calculator.app; sourceTree = BUILT_PRODUCTS_DIR; };
		61F1A40D259AC53800DC216A /* AppDelegate.swift */ = {isa = PBXFileReference; lastKnownFileType = sourcecode.swift; path = AppDelegate.swift; sourceTree = "<group>"; };
		61F1A40F259AC53800DC216A /* SceneDelegate.swift */ = {isa = PBXFileReference; lastKnownFileType = sourcecode.swift; path = SceneDelegate.swift; sourceTree = "<group>"; };
		61F1A411259AC53800DC216A /* ViewController.swift */ = {isa = PBXFileReference; lastKnownFileType = sourcecode.swift; path = ViewController.swift; sourceTree = "<group>"; };
		61F1A414259AC53800DC216A /* Base */ = {isa = PBXFileReference; lastKnownFileType = file.storyboard; name = Base; path = Base.lproj/Main.storyboard; sourceTree = "<group>"; };
		61F1A416259AC53A00DC216A /* Assets.xcassets */ = {isa = PBXFileReference; lastKnownFileType = folder.assetcatalog; path = Assets.xcassets; sourceTree = "<group>"; };
		61F1A419259AC53A00DC216A /* Base */ = {isa = PBXFileReference; lastKnownFileType = file.storyboard; name = Base; path = Base.lproj/LaunchScreen.storyboard; sourceTree = "<group>"; };
		61F1A41B259AC53A00DC216A /* Info.plist */ = {isa = PBXFileReference; lastKnownFileType = text.plist.xml; path = Info.plist; sourceTree = "<group>"; };
		61F1A420259AC53B00DC216A /* CalculatorTests.xctest */ = {isa = PBXFileReference; explicitFileType = wrapper.cfbundle; includeInIndex = 0; path = CalculatorTests.xctest; sourceTree = BUILT_PRODUCTS_DIR; };
		61F1A424259AC53B00DC216A /* CalculatorTests.swift */ = {isa = PBXFileReference; lastKnownFileType = sourcecode.swift; path = CalculatorTests.swift; sourceTree = "<group>"; };
		61F1A426259AC53B00DC216A /* Info.plist */ = {isa = PBXFileReference; lastKnownFileType = text.plist.xml; path = Info.plist; sourceTree = "<group>"; };
		61F1A42B259AC53B00DC216A /* CalculatorUITests.xctest */ = {isa = PBXFileReference; explicitFileType = wrapper.cfbundle; includeInIndex = 0; path = CalculatorUITests.xctest; sourceTree = BUILT_PRODUCTS_DIR; };
		61F1A42F259AC53B00DC216A /* CalculatorUITests.swift */ = {isa = PBXFileReference; lastKnownFileType = sourcecode.swift; path = CalculatorUITests.swift; sourceTree = "<group>"; };
		61F1A431259AC53B00DC216A /* Info.plist */ = {isa = PBXFileReference; lastKnownFileType = text.plist.xml; path = Info.plist; sourceTree = "<group>"; };
/* End PBXFileReference section */

/* Begin PBXFrameworksBuildPhase section */
		61F1A407259AC53800DC216A /* Frameworks */ = {
			isa = PBXFrameworksBuildPhase;
			buildActionMask = 2147483647;
			files = (
			);
			runOnlyForDeploymentPostprocessing = 0;
		};
		61F1A41D259AC53B00DC216A /* Frameworks */ = {
			isa = PBXFrameworksBuildPhase;
			buildActionMask = 2147483647;
			files = (
			);
			runOnlyForDeploymentPostprocessing = 0;
		};
		61F1A428259AC53B00DC216A /* Frameworks */ = {
			isa = PBXFrameworksBuildPhase;
			buildActionMask = 2147483647;
			files = (
			);
			runOnlyForDeploymentPostprocessing = 0;
		};
/* End PBXFrameworksBuildPhase section */

/* Begin PBXGroup section */
		61F1A401259AC53700DC216A = {
			isa = PBXGroup;
			children = (
				61F1A40C259AC53800DC216A /* Calculator */,
				61F1A423259AC53B00DC216A /* CalculatorTests */,
				61F1A42E259AC53B00DC216A /* CalculatorUITests */,
				61F1A40B259AC53800DC216A /* Products */,
			);
			sourceTree = "<group>";
		};
		61F1A40B259AC53800DC216A /* Products */ = {
			isa = PBXGroup;
			children = (
				61F1A40A259AC53800DC216A /* Calculator.app */,
				61F1A420259AC53B00DC216A /* CalculatorTests.xctest */,
				61F1A42B259AC53B00DC216A /* CalculatorUITests.xctest */,
			);
			name = Products;
			sourceTree = "<group>";
		};
		61F1A40C259AC53800DC216A /* Calculator */ = {
			isa = PBXGroup;
			children = (
				61F1A40D259AC53800DC216A /* AppDelegate.swift */,
				61F1A40F259AC53800DC216A /* SceneDelegate.swift */,
				61F1A411259AC53800DC216A /* ViewController.swift */,
				61F1A413259AC53800DC216A /* Main.storyboard */,
				61F1A416259AC53A00DC216A /* Assets.xcassets */,
				61F1A418259AC53A00DC216A /* LaunchScreen.storyboard */,
				61F1A41B259AC53A00DC216A /* Info.plist */,
			);
			path = Calculator;
			sourceTree = "<group>";
		};
		61F1A423259AC53B00DC216A /* CalculatorTests */ = {
			isa = PBXGroup;
			children = (
				61F1A424259AC53B00DC216A /* CalculatorTests.swift */,
				61F1A426259AC53B00DC216A /* Info.plist */,
			);
			path = CalculatorTests;
			sourceTree = "<group>";
		};
		61F1A42E259AC53B00DC216A /* CalculatorUITests */ = {
			isa = PBXGroup;
			children = (
				61F1A42F259AC53B00DC216A /* CalculatorUITests.swift */,
				61F1A431259AC53B00DC216A /* Info.plist */,
			);
			path = CalculatorUITests;
			sourceTree = "<group>";
		};
/* End PBXGroup section */

/* Begin PBXNativeTarget section */
		61F1A409259AC53800DC216A /* Calculator */ = {
			isa = PBXNativeTarget;
			buildConfigurationList = 61F1A434259AC53B00DC216A /* Build configuration list for PBXNativeTarget "Calculator" */;
			buildPhases = (
				61F1A406259AC53800DC216A /* Sources */,
				61F1A407259AC53800DC216A /* Frameworks */,
				61F1A408259AC53800DC216A /* Resources */,
			);
			buildRules = (
			);
			dependencies = (
			);
			name = Calculator;
			productName = Calculator;
			productReference = 61F1A40A259AC53800DC216A /* Calculator.app */;
			productType = "com.apple.product-type.application";
		};
		61F1A41F259AC53B00DC216A /* CalculatorTests */ = {
			isa = PBXNativeTarget;
			buildConfigurationList = 61F1A437259AC53B00DC216A /* Build configuration list for PBXNativeTarget "CalculatorTests" */;
			buildPhases = (
				61F1A41C259AC53B00DC216A /* Sources */,
				61F1A41D259AC53B00DC216A /* Frameworks */,
				61F1A41E259AC53B00DC216A /* Resources */,
			);
			buildRules = (
			);
			dependencies = (
				61F1A422259AC53B00DC216A /* PBXTargetDependency */,
			);
			name = CalculatorTests;
			productName = CalculatorTests;
			productReference = 61F1A420259AC53B00DC216A /* CalculatorTests.xctest */;
			productType = "com.apple.product-type.bundle.unit-test";
		};
		61F1A42A259AC53B00DC216A /* CalculatorUITests */ = {
			isa = PBXNativeTarget;
			buildConfigurationList = 61F1A43A259AC53B00DC216A /* Build configuration list for PBXNativeTarget "CalculatorUITests" */;
			buildPhases = (
				61F1A427259AC53B00DC216A /* Sources */,
				61F1A428259AC53B00DC216A /* Frameworks */,
				61F1A429259AC53B00DC216A /* Resources */,
			);
			buildRules = (
			);
			dependencies = (
				61F1A42D259AC53B00DC216A /* PBXTargetDependency */,
			);
			name = CalculatorUITests;
			productName = CalculatorUITests;
			productReference = 61F1A42B259AC53B00DC216A /* CalculatorUITests.xctest */;
			productType = "com.apple.product-type.bundle.ui-testing";
		};
/* End PBXNativeTarget section */

/* Begin PBXProject section */
		61F1A402259AC53700DC216A /* Project object */ = {
			isa = PBXProject;
			attributes = {
				LastSwiftUpdateCheck = 1210;
				LastUpgradeCheck = 1210;
				TargetAttributes = {
					61F1A409259AC53800DC216A = {
						CreatedOnToolsVersion = 12.1;
					};
					61F1A41F259AC53B00DC216A = {
						CreatedOnToolsVersion = 12.1;
						TestTargetID = 61F1A409259AC53800DC216A;
					};
					61F1A42A259AC53B00DC216A = {
						CreatedOnToolsVersion = 12.1;
						TestTargetID = 61F1A409259AC53800DC216A;
					};
				};
			};
			buildConfigurationList = 61F1A405259AC53700DC216A /* Build configuration list for PBXProject "Calculator" */;
			compatibilityVersion = "Xcode 9.3";
			developmentRegion = en;
			hasScannedForEncodings = 0;
			knownRegions = (
				en,
				Base,
			);
			mainGroup = 61F1A401259AC53700DC216A;
			productRefGroup = 61F1A40B259AC53800DC216A /* Products */;
			projectDirPath = "";
			projectRoot = "";
			targets = (
				61F1A409259AC53800DC216A /* Calculator */,
				61F1A41F259AC53B00DC216A /* CalculatorTests */,
				61F1A42A259AC53B00DC216A /* CalculatorUITests */,
			);
		};
/* End PBXProject section */

/* Begin PBXResourcesBuildPhase section */
		61F1A408259AC53800DC216A /* Resources */ = {
			isa = PBXResourcesBuildPhase;
			buildActionMask = 2147483647;
			files = (
				61F1A41A259AC53A00DC216A /* LaunchScreen.storyboard in Resources */,
				61F1A417259AC53A00DC216A /* Assets.xcassets in Resources */,
				61F1A415259AC53800DC216A /* Main.storyboard in Resources */,
			);
			runOnlyForDeploymentPostprocessing = 0;
		};
		61F1A41E259AC53B00DC216A /* Resources */ = {
			isa = PBXResourcesBuildPhase;
			buildActionMask = 2147483647;
			files = (
			);
			runOnlyForDeploymentPostprocessing = 0;
		};
		61F1A429259AC53B00DC216A /* Resources */ = {
			isa = PBXResourcesBuildPhase;
			buildActionMask = 2147483647;
			files = (
			);
			runOnlyForDeploymentPostprocessing = 0;
		};
/* End PBXResourcesBuildPhase section */

/* Begin PBXSourcesBuildPhase section */
		61F1A406259AC53800DC216A /* Sources */ = {
			isa = PBXSourcesBuildPhase;
			buildActionMask = 2147483647;
			files = (
				61F1A412259AC53800DC216A /* ViewController.swift in Sources */,
				61F1A40E259AC53800DC216A /* AppDelegate.swift in Sources */,
				61F1A410259AC53800DC216A /* SceneDelegate.swift in Sources */,
			);
			runOnlyForDeploymentPostprocessing = 0;
		};
		61F1A41C259AC53B00DC216A /* Sources */ = {
			isa = PBXSourcesBuildPhase;
			buildActionMask = 2147483647;
			files = (
				61F1A425259AC53B00DC216A /* CalculatorTests.swift in Sources */,
			);
			runOnlyForDeploymentPostprocessing = 0;
		};
		61F1A427259AC53B00DC216A /* Sources */ = {
			isa = PBXSourcesBuildPhase;
			buildActionMask = 2147483647;
			files = (
				61F1A430259AC53B00DC216A /* CalculatorUITests.swift in Sources */,
			);
			runOnlyForDeploymentPostprocessing = 0;
		};
/* End PBXSourcesBuildPhase section */

/* Begin PBXTargetDependency section */
		61F1A422259AC53B00DC216A /* PBXTargetDependency */ = {
			isa = PBXTargetDependency;
			target = 61F1A409259AC53800DC216A /* Calculator */;
			targetProxy = 61F1A421259AC53B00DC216A /* PBXContainerItemProxy */;
		};
		61F1A42D259AC53B00DC216A /* PBXTargetDependency */ = {
			isa = PBXTargetDependency;
			target = 61F1A409259AC53800DC216A /* Calculator */;
			targetProxy = 61F1A42C259AC53B00DC216A /* PBXContainerItemProxy */;
		};
/* End PBXTargetDependency section */

/* Begin PBXVariantGroup section */
		61F1A413259AC53800DC216A /* Main.storyboard */ = {
			isa = PBXVariantGroup;
			children = (
				61F1A414259AC53800DC216A /* Base */,
			);
			name = Main.storyboard;
			sourceTree = "<group>";
		};
		61F1A418259AC53A00DC216A /* LaunchScreen.storyboard */ = {
			isa = PBXVariantGroup;
			children = (
				61F1A419259AC53A00DC216A /* Base */,
			);
			name = LaunchScreen.storyboard;
			sourceTree = "<group>";
		};
/* End PBXVariantGroup section */

/* Begin XCBuildConfiguration section */
		61F1A432259AC53B00DC216A /* Debug */ = {
			isa = XCBuildConfiguration;
			buildSettings = {
				ALWAYS_SEARCH_USER_PATHS = NO;
				CLANG_ANALYZER_NONNULL = YES;
				CLANG_ANALYZER_NUMBER_OBJECT_CONVERSION = YES_AGGRESSIVE;
				CLANG_CXX_LANGUAGE_STANDARD = "gnu++14";
				CLANG_CXX_LIBRARY = "libc++";
				CLANG_ENABLE_MODULES = YES;
				CLANG_ENABLE_OBJC_ARC = YES;
				CLANG_ENABLE_OBJC_WEAK = YES;
				CLANG_WARN_BLOCK_CAPTURE_AUTORELEASING = YES;
				CLANG_WARN_BOOL_CONVERSION = YES;
				CLANG_WARN_COMMA = YES;
				CLANG_WARN_CONSTANT_CONVERSION = YES;
				CLANG_WARN_DEPRECATED_OBJC_IMPLEMENTATIONS = YES;
				CLANG_WARN_DIRECT_OBJC_ISA_USAGE = YES_ERROR;
				CLANG_WARN_DOCUMENTATION_COMMENTS = YES;
				CLANG_WARN_EMPTY_BODY = YES;
				CLANG_WARN_ENUM_CONVERSION = YES;
				CLANG_WARN_INFINITE_RECURSION = YES;
				CLANG_WARN_INT_CONVERSION = YES;
				CLANG_WARN_NON_LITERAL_NULL_CONVERSION = YES;
				CLANG_WARN_OBJC_IMPLICIT_RETAIN_SELF = YES;
				CLANG_WARN_OBJC_LITERAL_CONVERSION = YES;
				CLANG_WARN_OBJC_ROOT_CLASS = YES_ERROR;
				CLANG_WARN_QUOTED_INCLUDE_IN_FRAMEWORK_HEADER = YES;
				CLANG_WARN_RANGE_LOOP_ANALYSIS = YES;
				CLANG_WARN_STRICT_PROTOTYPES = YES;
				CLANG_WARN_SUSPICIOUS_MOVE = YES;
				CLANG_WARN_UNGUARDED_AVAILABILITY = YES_AGGRESSIVE;
				CLANG_WARN_UNREACHABLE_CODE = YES;
				CLANG_WARN__DUPLICATE_METHOD_MATCH = YES;
				COPY_PHASE_STRIP = NO;
				DEBUG_INFORMATION_FORMAT = dwarf;
				ENABLE_STRICT_OBJC_MSGSEND = YES;
				ENABLE_TESTABILITY = YES;
				GCC_C_LANGUAGE_STANDARD = gnu11;
				GCC_DYNAMIC_NO_PIC = NO;
				GCC_NO_COMMON_BLOCKS = YES;
				GCC_OPTIMIZATION_LEVEL = 0;
				GCC_PREPROCESSOR_DEFINITIONS = (
					"DEBUG=1",
					"$(inherited)",
				);
				GCC_WARN_64_TO_32_BIT_CONVERSION = YES;
				GCC_WARN_ABOUT_RETURN_TYPE = YES_ERROR;
				GCC_WARN_UNDECLARED_SELECTOR = YES;
				GCC_WARN_UNINITIALIZED_AUTOS = YES_AGGRESSIVE;
				GCC_WARN_UNUSED_FUNCTION = YES;
				GCC_WARN_UNUSED_VARIABLE = YES;
				IPHONEOS_DEPLOYMENT_TARGET = 14.1;
				MTL_ENABLE_DEBUG_INFO = INCLUDE_SOURCE;
				MTL_FAST_MATH = YES;
				ONLY_ACTIVE_ARCH = YES;
				SDKROOT = iphoneos;
				SWIFT_ACTIVE_COMPILATION_CONDITIONS = DEBUG;
				SWIFT_OPTIMIZATION_LEVEL = "-Onone";
			};
			name = Debug;
		};
		61F1A433259AC53B00DC216A /* Release */ = {
			isa = XCBuildConfiguration;
			buildSettings = {
				ALWAYS_SEARCH_USER_PATHS = NO;
				CLANG_ANALYZER_NONNULL = YES;
				CLANG_ANALYZER_NUMBER_OBJECT_CONVERSION = YES_AGGRESSIVE;
				CLANG_CXX_LANGUAGE_STANDARD = "gnu++14";
				CLANG_CXX_LIBRARY = "libc++";
				CLANG_ENABLE_MODULES = YES;
				CLANG_ENABLE_OBJC_ARC = YES;
				CLANG_ENABLE_OBJC_WEAK = YES;
				CLANG_WARN_BLOCK_CAPTURE_AUTORELEASING = YES;
				CLANG_WARN_BOOL_CONVERSION = YES;
				CLANG_WARN_COMMA = YES;
				CLANG_WARN_CONSTANT_CONVERSION = YES;
				CLANG_WARN_DEPRECATED_OBJC_IMPLEMENTATIONS = YES;
				CLANG_WARN_DIRECT_OBJC_ISA_USAGE = YES_ERROR;
				CLANG_WARN_DOCUMENTATION_COMMENTS = YES;
				CLANG_WARN_EMPTY_BODY = YES;
				CLANG_WARN_ENUM_CONVERSION = YES;
				CLANG_WARN_INFINITE_RECURSION = YES;
				CLANG_WARN_INT_CONVERSION = YES;
				CLANG_WARN_NON_LITERAL_NULL_CONVERSION = YES;
				CLANG_WARN_OBJC_IMPLICIT_RETAIN_SELF = YES;
				CLANG_WARN_OBJC_LITERAL_CONVERSION = YES;
				CLANG_WARN_OBJC_ROOT_CLASS = YES_ERROR;
				CLANG_WARN_QUOTED_INCLUDE_IN_FRAMEWORK_HEADER = YES;
				CLANG_WARN_RANGE_LOOP_ANALYSIS = YES;
				CLANG_WARN_STRICT_PROTOTYPES = YES;
				CLANG_WARN_SUSPICIOUS_MOVE = YES;
				CLANG_WARN_UNGUARDED_AVAILABILITY = YES_AGGRESSIVE;
				CLANG_WARN_UNREACHABLE_CODE = YES;
				CLANG_WARN__DUPLICATE_METHOD_MATCH = YES;
				COPY_PHASE_STRIP = NO;
				DEBUG_INFORMATION_FORMAT = "dwarf-with-dsym";
				ENABLE_NS_ASSERTIONS = NO;
				ENABLE_STRICT_OBJC_MSGSEND = YES;
				GCC_C_LANGUAGE_STANDARD = gnu11;
				GCC_NO_COMMON_BLOCKS = YES;
				GCC_WARN_64_TO_32_BIT_CONVERSION = YES;
				GCC_WARN_ABOUT_RETURN_TYPE = YES_ERROR;
				GCC_WARN_UNDECLARED_SELECTOR = YES;
				GCC_WARN_UNINITIALIZED_AUTOS = YES_AGGRESSIVE;
				GCC_WARN_UNUSED_FUNCTION = YES;
				GCC_WARN_UNUSED_VARIABLE = YES;
				IPHONEOS_DEPLOYMENT_TARGET = 14.1;
				MTL_ENABLE_DEBUG_INFO = NO;
				MTL_FAST_MATH = YES;
				SDKROOT = iphoneos;
				SWIFT_COMPILATION_MODE = wholemodule;
				SWIFT_OPTIMIZATION_LEVEL = "-O";
				VALIDATE_PRODUCT = YES;
			};
			name = Release;
		};
		61F1A435259AC53B00DC216A /* Debug */ = {
			isa = XCBuildConfiguration;
			buildSettings = {
				ASSETCATALOG_COMPILER_APPICON_NAME = AppIcon;
				ASSETCATALOG_COMPILER_GLOBAL_ACCENT_COLOR_NAME = AccentColor;
				CODE_SIGN_STYLE = Automatic;
				DEVELOPMENT_TEAM = 74JCV65TJL;
				INFOPLIST_FILE = Calculator/Info.plist;
				LD_RUNPATH_SEARCH_PATHS = (
					"$(inherited)",
					"@executable_path/Frameworks",
				);
				PRODUCT_BUNDLE_IDENTIFIER = j.Calculator;
				PRODUCT_NAME = "$(TARGET_NAME)";
				SWIFT_VERSION = 5.0;
				TARGETED_DEVICE_FAMILY = "1,2";
			};
			name = Debug;
		};
		61F1A436259AC53B00DC216A /* Release */ = {
			isa = XCBuildConfiguration;
			buildSettings = {
				ASSETCATALOG_COMPILER_APPICON_NAME = AppIcon;
				ASSETCATALOG_COMPILER_GLOBAL_ACCENT_COLOR_NAME = AccentColor;
				CODE_SIGN_STYLE = Automatic;
				DEVELOPMENT_TEAM = 74JCV65TJL;
				INFOPLIST_FILE = Calculator/Info.plist;
				LD_RUNPATH_SEARCH_PATHS = (
					"$(inherited)",
					"@executable_path/Frameworks",
				);
				PRODUCT_BUNDLE_IDENTIFIER = j.Calculator;
				PRODUCT_NAME = "$(TARGET_NAME)";
				SWIFT_VERSION = 5.0;
				TARGETED_DEVICE_FAMILY = "1,2";
			};
			name = Release;
		};
		61F1A438259AC53B00DC216A /* Debug */ = {
			isa = XCBuildConfiguration;
			buildSettings = {
				ALWAYS_EMBED_SWIFT_STANDARD_LIBRARIES = YES;
				BUNDLE_LOADER = "$(TEST_HOST)";
				CODE_SIGN_STYLE = Automatic;
				DEVELOPMENT_TEAM = 74JCV65TJL;
				INFOPLIST_FILE = CalculatorTests/Info.plist;
				IPHONEOS_DEPLOYMENT_TARGET = 14.1;
				LD_RUNPATH_SEARCH_PATHS = (
					"$(inherited)",
					"@executable_path/Frameworks",
					"@loader_path/Frameworks",
				);
				PRODUCT_BUNDLE_IDENTIFIER = j.CalculatorTests;
				PRODUCT_NAME = "$(TARGET_NAME)";
				SWIFT_VERSION = 5.0;
				TARGETED_DEVICE_FAMILY = "1,2";
				TEST_HOST = "$(BUILT_PRODUCTS_DIR)/Calculator.app/Calculator";
			};
			name = Debug;
		};
		61F1A439259AC53B00DC216A /* Release */ = {
			isa = XCBuildConfiguration;
			buildSettings = {
				ALWAYS_EMBED_SWIFT_STANDARD_LIBRARIES = YES;
				BUNDLE_LOADER = "$(TEST_HOST)";
				CODE_SIGN_STYLE = Automatic;
				DEVELOPMENT_TEAM = 74JCV65TJL;
				INFOPLIST_FILE = CalculatorTests/Info.plist;
				IPHONEOS_DEPLOYMENT_TARGET = 14.1;
				LD_RUNPATH_SEARCH_PATHS = (
					"$(inherited)",
					"@executable_path/Frameworks",
					"@loader_path/Frameworks",
				);
				PRODUCT_BUNDLE_IDENTIFIER = j.CalculatorTests;
				PRODUCT_NAME = "$(TARGET_NAME)";
				SWIFT_VERSION = 5.0;
				TARGETED_DEVICE_FAMILY = "1,2";
				TEST_HOST = "$(BUILT_PRODUCTS_DIR)/Calculator.app/Calculator";
			};
			name = Release;
		};
		61F1A43B259AC53B00DC216A /* Debug */ = {
			isa = XCBuildConfiguration;
			buildSettings = {
				ALWAYS_EMBED_SWIFT_STANDARD_LIBRARIES = YES;
				CODE_SIGN_STYLE = Automatic;
				DEVELOPMENT_TEAM = 74JCV65TJL;
				INFOPLIST_FILE = CalculatorUITests/Info.plist;
				LD_RUNPATH_SEARCH_PATHS = (
					"$(inherited)",
					"@executable_path/Frameworks",
					"@loader_path/Frameworks",
				);
				PRODUCT_BUNDLE_IDENTIFIER = j.CalculatorUITests;
				PRODUCT_NAME = "$(TARGET_NAME)";
				SWIFT_VERSION = 5.0;
				TARGETED_DEVICE_FAMILY = "1,2";
				TEST_TARGET_NAME = Calculator;
			};
			name = Debug;
		};
		61F1A43C259AC53B00DC216A /* Release */ = {
			isa = XCBuildConfiguration;
			buildSettings = {
				ALWAYS_EMBED_SWIFT_STANDARD_LIBRARIES = YES;
				CODE_SIGN_STYLE = Automatic;
				DEVELOPMENT_TEAM = 74JCV65TJL;
				INFOPLIST_FILE = CalculatorUITests/Info.plist;
				LD_RUNPATH_SEARCH_PATHS = (
					"$(inherited)",
					"@executable_path/Frameworks",
					"@loader_path/Frameworks",
				);
				PRODUCT_BUNDLE_IDENTIFIER = j.CalculatorUITests;
				PRODUCT_NAME = "$(TARGET_NAME)";
				SWIFT_VERSION = 5.0;
				TARGETED_DEVICE_FAMILY = "1,2";
				TEST_TARGET_NAME = Calculator;
			};
			name = Release;
		};
/* End XCBuildConfiguration section */

/* Begin XCConfigurationList section */
		61F1A405259AC53700DC216A /* Build configuration list for PBXProject "Calculator" */ = {
			isa = XCConfigurationList;
			buildConfigurations = (
				61F1A432259AC53B00DC216A /* Debug */,
				61F1A433259AC53B00DC216A /* Release */,
			);
			defaultConfigurationIsVisible = 0;
			defaultConfigurationName = Release;
		};
		61F1A434259AC53B00DC216A /* Build configuration list for PBXNativeTarget "Calculator" */ = {
			isa = XCConfigurationList;
			buildConfigurations = (
				61F1A435259AC53B00DC216A /* Debug */,
				61F1A436259AC53B00DC216A /* Release */,
			);
			defaultConfigurationIsVisible = 0;
			defaultConfigurationName = Release;
		};
		61F1A437259AC53B00DC216A /* Build configuration list for PBXNativeTarget "CalculatorTests" */ = {
			isa = XCConfigurationList;
			buildConfigurations = (
				61F1A438259AC53B00DC216A /* Debug */,
				61F1A439259AC53B00DC216A /* Release */,
			);
			defaultConfigurationIsVisible = 0;
			defaultConfigurationName = Release;
		};
		61F1A43A259AC53B00DC216A /* Build configuration list for PBXNativeTarget "CalculatorUITests" */ = {
			isa = XCConfigurationList;
			buildConfigurations = (
				61F1A43B259AC53B00DC216A /* Debug */,
				61F1A43C259AC53B00DC216A /* Release */,
			);
			defaultConfigurationIsVisible = 0;
			defaultConfigurationName = Release;
		};
/* End XCConfigurationList section */
	};
	rootObject = 61F1A402259AC53700DC216A /* Project object */;
}
